// !$*UTF8*$!
{
	archiveVersion = 1;
	classes = {
	};
	objectVersion = 48;
	objects = {

/* Begin PBXBuildFile section */
		376695262053A147002EF8A4 /* ExploreEventCell.swift in Sources */ = {isa = PBXBuildFile; fileRef = 376695252053A147002EF8A4 /* ExploreEventCell.swift */; };
		377503772051B178001AB6E2 /* EventsDataManager.swift in Sources */ = {isa = PBXBuildFile; fileRef = 377503762051B178001AB6E2 /* EventsDataManager.swift */; };
		379643B0204CD0A100603D66 /* AppDelegate.swift in Sources */ = {isa = PBXBuildFile; fileRef = 379643AF204CD0A100603D66 /* AppDelegate.swift */; };
		379643B5204CD0A100603D66 /* Main.storyboard in Resources */ = {isa = PBXBuildFile; fileRef = 379643B3204CD0A100603D66 /* Main.storyboard */; };
		379643B7204CD0A100603D66 /* Assets.xcassets in Resources */ = {isa = PBXBuildFile; fileRef = 379643B6204CD0A100603D66 /* Assets.xcassets */; };
		379643BA204CD0A100603D66 /* LaunchScreen.storyboard in Resources */ = {isa = PBXBuildFile; fileRef = 379643B8204CD0A100603D66 /* LaunchScreen.storyboard */; };
		379643C3204CDBC400603D66 /* ExploreViewController.swift in Sources */ = {isa = PBXBuildFile; fileRef = 379643C2204CDBC400603D66 /* ExploreViewController.swift */; };
		379643D2204CDFCB00603D66 /* Explore.storyboard in Resources */ = {isa = PBXBuildFile; fileRef = 379643D0204CDFCB00603D66 /* Explore.storyboard */; };
		379643D4204CE0CC00603D66 /* My Events.storyboard in Resources */ = {isa = PBXBuildFile; fileRef = 379643D3204CE0CC00603D66 /* My Events.storyboard */; };
		379643D7204CE0E700603D66 /* Map.storyboard in Resources */ = {isa = PBXBuildFile; fileRef = 379643D5204CE0E700603D66 /* Map.storyboard */; };
		379643D9204CE29800603D66 /* CreateEvent.storyboard in Resources */ = {isa = PBXBuildFile; fileRef = 379643D8204CE29800603D66 /* CreateEvent.storyboard */; };
		379643DC204D074F00603D66 /* EventObject.swift in Sources */ = {isa = PBXBuildFile; fileRef = 379643DB204D074F00603D66 /* EventObject.swift */; };
		379643DE204D110C00603D66 /* CreateEventViewController.swift in Sources */ = {isa = PBXBuildFile; fileRef = 379643DD204D110C00603D66 /* CreateEventViewController.swift */; };
		379643E0204DF91300603D66 /* EventAnnotation.swift in Sources */ = {isa = PBXBuildFile; fileRef = 379643DF204DF91300603D66 /* EventAnnotation.swift */; };
		379643E2204DFA6300603D66 /* MapViewController.swift in Sources */ = {isa = PBXBuildFile; fileRef = 379643E1204DFA6300603D66 /* MapViewController.swift */; };
		379643E4204DFD4900603D66 /* Profile.swift in Sources */ = {isa = PBXBuildFile; fileRef = 379643E3204DFD4900603D66 /* Profile.swift */; };
		379643E6204DFDDB00603D66 /* CitiesInCA.plist in Resources */ = {isa = PBXBuildFile; fileRef = 379643E5204DFDDB00603D66 /* CitiesInCA.plist */; };
		37A949EC2055AB4D00012350 /* GoogleService-Info.plist in Resources */ = {isa = PBXBuildFile; fileRef = 37A949EB2055AB4D00012350 /* GoogleService-Info.plist */; };
		37C580C720504A6A001739F2 /* EventAnnotationViews.swift in Sources */ = {isa = PBXBuildFile; fileRef = 37C580C620504A6A001739F2 /* EventAnnotationViews.swift */; };
		E806179444E97EDDFE81586C /* Pods_Volunteer_Opportunity_Tracker.framework in Frameworks */ = {isa = PBXBuildFile; fileRef = 8948937D142044C97CB49B05 /* Pods_Volunteer_Opportunity_Tracker.framework */; };
/* End PBXBuildFile section */

/* Begin PBXFileReference section */
		376695252053A147002EF8A4 /* ExploreEventCell.swift */ = {isa = PBXFileReference; lastKnownFileType = sourcecode.swift; path = ExploreEventCell.swift; sourceTree = "<group>"; };
		377503762051B178001AB6E2 /* EventsDataManager.swift */ = {isa = PBXFileReference; lastKnownFileType = sourcecode.swift; path = EventsDataManager.swift; sourceTree = "<group>"; };
		379643AC204CD0A100603D66 /* Volunteer Opportunity Tracker.app */ = {isa = PBXFileReference; explicitFileType = wrapper.application; includeInIndex = 0; path = "Volunteer Opportunity Tracker.app"; sourceTree = BUILT_PRODUCTS_DIR; };
		379643AF204CD0A100603D66 /* AppDelegate.swift */ = {isa = PBXFileReference; lastKnownFileType = sourcecode.swift; path = AppDelegate.swift; sourceTree = "<group>"; };
		379643B4204CD0A100603D66 /* Base */ = {isa = PBXFileReference; lastKnownFileType = file.storyboard; name = Base; path = Base.lproj/Main.storyboard; sourceTree = "<group>"; };
		379643B6204CD0A100603D66 /* Assets.xcassets */ = {isa = PBXFileReference; lastKnownFileType = folder.assetcatalog; path = Assets.xcassets; sourceTree = "<group>"; };
		379643B9204CD0A100603D66 /* Base */ = {isa = PBXFileReference; lastKnownFileType = file.storyboard; name = Base; path = Base.lproj/LaunchScreen.storyboard; sourceTree = "<group>"; };
		379643BB204CD0A100603D66 /* Info.plist */ = {isa = PBXFileReference; lastKnownFileType = text.plist.xml; path = Info.plist; sourceTree = "<group>"; };
		379643C2204CDBC400603D66 /* ExploreViewController.swift */ = {isa = PBXFileReference; lastKnownFileType = sourcecode.swift; path = ExploreViewController.swift; sourceTree = "<group>"; };
		379643D1204CDFCB00603D66 /* Base */ = {isa = PBXFileReference; lastKnownFileType = file.storyboard; name = Base; path = "Volunteer Opportunity Tracker/Base.lproj/Explore.storyboard"; sourceTree = "<group>"; };
		379643D3204CE0CC00603D66 /* My Events.storyboard */ = {isa = PBXFileReference; fileEncoding = 4; lastKnownFileType = file.storyboard; path = "My Events.storyboard"; sourceTree = "<group>"; };
		379643D6204CE0E700603D66 /* Base */ = {isa = PBXFileReference; lastKnownFileType = file.storyboard; name = Base; path = "Volunteer Opportunity Tracker/Base.lproj/Map.storyboard"; sourceTree = "<group>"; };
		379643D8204CE29800603D66 /* CreateEvent.storyboard */ = {isa = PBXFileReference; fileEncoding = 4; lastKnownFileType = file.storyboard; path = CreateEvent.storyboard; sourceTree = "<group>"; };
		379643DB204D074F00603D66 /* EventObject.swift */ = {isa = PBXFileReference; lastKnownFileType = sourcecode.swift; path = EventObject.swift; sourceTree = "<group>"; };
		379643DD204D110C00603D66 /* CreateEventViewController.swift */ = {isa = PBXFileReference; lastKnownFileType = sourcecode.swift; path = CreateEventViewController.swift; sourceTree = "<group>"; };
		379643DF204DF91300603D66 /* EventAnnotation.swift */ = {isa = PBXFileReference; lastKnownFileType = sourcecode.swift; path = EventAnnotation.swift; sourceTree = "<group>"; };
		379643E1204DFA6300603D66 /* MapViewController.swift */ = {isa = PBXFileReference; lastKnownFileType = sourcecode.swift; path = MapViewController.swift; sourceTree = "<group>"; };
		379643E3204DFD4900603D66 /* Profile.swift */ = {isa = PBXFileReference; lastKnownFileType = sourcecode.swift; path = Profile.swift; sourceTree = "<group>"; };
		379643E5204DFDDB00603D66 /* CitiesInCA.plist */ = {isa = PBXFileReference; lastKnownFileType = text.plist.xml; path = CitiesInCA.plist; sourceTree = "<group>"; };
		37A949EB2055AB4D00012350 /* GoogleService-Info.plist */ = {isa = PBXFileReference; fileEncoding = 4; lastKnownFileType = text.plist.xml; path = "GoogleService-Info.plist"; sourceTree = "<group>"; };
		37C580C620504A6A001739F2 /* EventAnnotationViews.swift */ = {isa = PBXFileReference; lastKnownFileType = sourcecode.swift; path = EventAnnotationViews.swift; sourceTree = "<group>"; };
		40DBA83636D675748BAD05C8 /* Pods-Volunteer Opportunity Tracker.debug.xcconfig */ = {isa = PBXFileReference; includeInIndex = 1; lastKnownFileType = text.xcconfig; name = "Pods-Volunteer Opportunity Tracker.debug.xcconfig"; path = "Pods/Target Support Files/Pods-Volunteer Opportunity Tracker/Pods-Volunteer Opportunity Tracker.debug.xcconfig"; sourceTree = "<group>"; };
		8948937D142044C97CB49B05 /* Pods_Volunteer_Opportunity_Tracker.framework */ = {isa = PBXFileReference; explicitFileType = wrapper.framework; includeInIndex = 0; path = Pods_Volunteer_Opportunity_Tracker.framework; sourceTree = BUILT_PRODUCTS_DIR; };
		E1220092624A98856B535E1A /* Pods-Volunteer Opportunity Tracker.release.xcconfig */ = {isa = PBXFileReference; includeInIndex = 1; lastKnownFileType = text.xcconfig; name = "Pods-Volunteer Opportunity Tracker.release.xcconfig"; path = "Pods/Target Support Files/Pods-Volunteer Opportunity Tracker/Pods-Volunteer Opportunity Tracker.release.xcconfig"; sourceTree = "<group>"; };
/* End PBXFileReference section */

/* Begin PBXFrameworksBuildPhase section */
		379643A9204CD0A100603D66 /* Frameworks */ = {
			isa = PBXFrameworksBuildPhase;
			buildActionMask = 2147483647;
			files = (
				E806179444E97EDDFE81586C /* Pods_Volunteer_Opportunity_Tracker.framework in Frameworks */,
			);
			runOnlyForDeploymentPostprocessing = 0;
		};
/* End PBXFrameworksBuildPhase section */

/* Begin PBXGroup section */
		379643A3204CD0A100603D66 = {
			isa = PBXGroup;
			children = (
				379643AE204CD0A100603D66 /* Volunteer Opportunity Tracker */,
				379643AD204CD0A100603D66 /* Products */,
				FA050480686F523401C82517 /* Pods */,
				AA3113CA3448FDEB85445FD0 /* Frameworks */,
			);
			sourceTree = "<group>";
		};
		379643AD204CD0A100603D66 /* Products */ = {
			isa = PBXGroup;
			children = (
				379643AC204CD0A100603D66 /* Volunteer Opportunity Tracker.app */,
			);
			name = Products;
			sourceTree = "<group>";
		};
		379643AE204CD0A100603D66 /* Volunteer Opportunity Tracker */ = {
			isa = PBXGroup;
			children = (
				379643B6204CD0A100603D66 /* Assets.xcassets */,
				379643B3204CD0A100603D66 /* Main.storyboard */,
				379643B8204CD0A100603D66 /* LaunchScreen.storyboard */,
				379643E3204DFD4900603D66 /* Profile.swift */,
				379643DA204CE2A000603D66 /* Create Event */,
				379643C8204CDD8400603D66 /* Events */,
				379643C7204CDD7F00603D66 /* Map */,
				379643C1204CDBA400603D66 /* Explore */,
				379643AF204CD0A100603D66 /* AppDelegate.swift */,
				379643BB204CD0A100603D66 /* Info.plist */,
				37A949EB2055AB4D00012350 /* GoogleService-Info.plist */,
			);
			path = "Volunteer Opportunity Tracker";
			sourceTree = "<group>";
		};
		379643C1204CDBA400603D66 /* Explore */ = {
			isa = PBXGroup;
			children = (
				379643D0204CDFCB00603D66 /* Explore.storyboard */,
				379643C2204CDBC400603D66 /* ExploreViewController.swift */,
				377503762051B178001AB6E2 /* EventsDataManager.swift */,
				376695252053A147002EF8A4 /* ExploreEventCell.swift */,
			);
			path = Explore;
			sourceTree = "<group>";
		};
		379643C7204CDD7F00603D66 /* Map */ = {
			isa = PBXGroup;
			children = (
				379643D5204CE0E700603D66 /* Map.storyboard */,
				379643DF204DF91300603D66 /* EventAnnotation.swift */,
				379643E1204DFA6300603D66 /* MapViewController.swift */,
				379643E5204DFDDB00603D66 /* CitiesInCA.plist */,
				37C580C620504A6A001739F2 /* EventAnnotationViews.swift */,
			);
			path = Map;
			sourceTree = "<group>";
		};
		379643C8204CDD8400603D66 /* Events */ = {
			isa = PBXGroup;
			children = (
				379643D3204CE0CC00603D66 /* My Events.storyboard */,
			);
			path = Events;
			sourceTree = "<group>";
		};
		379643DA204CE2A000603D66 /* Create Event */ = {
			isa = PBXGroup;
			children = (
				379643D8204CE29800603D66 /* CreateEvent.storyboard */,
				379643DB204D074F00603D66 /* EventObject.swift */,
				379643DD204D110C00603D66 /* CreateEventViewController.swift */,
			);
			path = "Create Event";
			sourceTree = "<group>";
		};
		AA3113CA3448FDEB85445FD0 /* Frameworks */ = {
			isa = PBXGroup;
			children = (
				8948937D142044C97CB49B05 /* Pods_Volunteer_Opportunity_Tracker.framework */,
			);
			name = Frameworks;
			sourceTree = "<group>";
		};
		FA050480686F523401C82517 /* Pods */ = {
			isa = PBXGroup;
			children = (
				40DBA83636D675748BAD05C8 /* Pods-Volunteer Opportunity Tracker.debug.xcconfig */,
				E1220092624A98856B535E1A /* Pods-Volunteer Opportunity Tracker.release.xcconfig */,
			);
			name = Pods;
			sourceTree = "<group>";
		};
/* End PBXGroup section */

/* Begin PBXNativeTarget section */
		379643AB204CD0A100603D66 /* Volunteer Opportunity Tracker */ = {
			isa = PBXNativeTarget;
			buildConfigurationList = 379643BE204CD0A100603D66 /* Build configuration list for PBXNativeTarget "Volunteer Opportunity Tracker" */;
			buildPhases = (
				2A458EE12DCD7A697037D134 /* [CP] Check Pods Manifest.lock */,
				379643A8204CD0A100603D66 /* Sources */,
				379643A9204CD0A100603D66 /* Frameworks */,
				379643AA204CD0A100603D66 /* Resources */,
				A9CD1144FA93E75019CF6112 /* [CP] Embed Pods Frameworks */,
				09228626BF0ECECD8DBEC249 /* [CP] Copy Pods Resources */,
			);
			buildRules = (
			);
			dependencies = (
			);
			name = "Volunteer Opportunity Tracker";
			productName = "Volunteer Opportunity Tracker";
			productReference = 379643AC204CD0A100603D66 /* Volunteer Opportunity Tracker.app */;
			productType = "com.apple.product-type.application";
		};
/* End PBXNativeTarget section */

/* Begin PBXProject section */
		379643A4204CD0A100603D66 /* Project object */ = {
			isa = PBXProject;
			attributes = {
				LastSwiftUpdateCheck = 0920;
				LastUpgradeCheck = 0920;
				ORGANIZATIONNAME = "Cindy Zhang";
				TargetAttributes = {
					379643AB204CD0A100603D66 = {
						CreatedOnToolsVersion = 9.2;
						ProvisioningStyle = Automatic;
					};
				};
			};
			buildConfigurationList = 379643A7204CD0A100603D66 /* Build configuration list for PBXProject "Volunteer Opportunity Tracker" */;
			compatibilityVersion = "Xcode 8.0";
			developmentRegion = en;
			hasScannedForEncodings = 0;
			knownRegions = (
				en,
				Base,
			);
			mainGroup = 379643A3204CD0A100603D66;
			productRefGroup = 379643AD204CD0A100603D66 /* Products */;
			projectDirPath = "";
			projectRoot = "";
			targets = (
				379643AB204CD0A100603D66 /* Volunteer Opportunity Tracker */,
			);
		};
/* End PBXProject section */

/* Begin PBXResourcesBuildPhase section */
		379643AA204CD0A100603D66 /* Resources */ = {
			isa = PBXResourcesBuildPhase;
			buildActionMask = 2147483647;
			files = (
				379643D2204CDFCB00603D66 /* Explore.storyboard in Resources */,
				379643BA204CD0A100603D66 /* LaunchScreen.storyboard in Resources */,
				37A949EC2055AB4D00012350 /* GoogleService-Info.plist in Resources */,
				379643B7204CD0A100603D66 /* Assets.xcassets in Resources */,
				379643D9204CE29800603D66 /* CreateEvent.storyboard in Resources */,
				379643B5204CD0A100603D66 /* Main.storyboard in Resources */,
				379643D4204CE0CC00603D66 /* My Events.storyboard in Resources */,
				379643E6204DFDDB00603D66 /* CitiesInCA.plist in Resources */,
				379643D7204CE0E700603D66 /* Map.storyboard in Resources */,
			);
			runOnlyForDeploymentPostprocessing = 0;
		};
/* End PBXResourcesBuildPhase section */

/* Begin PBXShellScriptBuildPhase section */
		09228626BF0ECECD8DBEC249 /* [CP] Copy Pods Resources */ = {
			isa = PBXShellScriptBuildPhase;
			buildActionMask = 2147483647;
			files = (
			);
			inputPaths = (
			);
			name = "[CP] Copy Pods Resources";
			outputPaths = (
			);
			runOnlyForDeploymentPostprocessing = 0;
			shellPath = /bin/sh;
			shellScript = "\"${SRCROOT}/Pods/Target Support Files/Pods-Volunteer Opportunity Tracker/Pods-Volunteer Opportunity Tracker-resources.sh\"\n";
			showEnvVarsInLog = 0;
		};
		2A458EE12DCD7A697037D134 /* [CP] Check Pods Manifest.lock */ = {
			isa = PBXShellScriptBuildPhase;
			buildActionMask = 2147483647;
			files = (
			);
			inputPaths = (
				"${PODS_PODFILE_DIR_PATH}/Podfile.lock",
				"${PODS_ROOT}/Manifest.lock",
			);
			name = "[CP] Check Pods Manifest.lock";
			outputPaths = (
				"$(DERIVED_FILE_DIR)/Pods-Volunteer Opportunity Tracker-checkManifestLockResult.txt",
			);
			runOnlyForDeploymentPostprocessing = 0;
			shellPath = /bin/sh;
			shellScript = "diff \"${PODS_PODFILE_DIR_PATH}/Podfile.lock\" \"${PODS_ROOT}/Manifest.lock\" > /dev/null\nif [ $? != 0 ] ; then\n    # print error to STDERR\n    echo \"error: The sandbox is not in sync with the Podfile.lock. Run 'pod install' or update your CocoaPods installation.\" >&2\n    exit 1\nfi\n# This output is used by Xcode 'outputs' to avoid re-running this script phase.\necho \"SUCCESS\" > \"${SCRIPT_OUTPUT_FILE_0}\"\n";
			showEnvVarsInLog = 0;
		};
		A9CD1144FA93E75019CF6112 /* [CP] Embed Pods Frameworks */ = {
			isa = PBXShellScriptBuildPhase;
			buildActionMask = 2147483647;
			files = (
			);
			inputPaths = (
				"${SRCROOT}/Pods/Target Support Files/Pods-Volunteer Opportunity Tracker/Pods-Volunteer Opportunity Tracker-frameworks.sh",
				"${BUILT_PRODUCTS_DIR}/GoogleToolboxForMac/GoogleToolboxForMac.framework",
				"${BUILT_PRODUCTS_DIR}/nanopb/nanopb.framework",
			);
			name = "[CP] Embed Pods Frameworks";
			outputPaths = (
				"${TARGET_BUILD_DIR}/${FRAMEWORKS_FOLDER_PATH}/GoogleToolboxForMac.framework",
				"${TARGET_BUILD_DIR}/${FRAMEWORKS_FOLDER_PATH}/nanopb.framework",
			);
			runOnlyForDeploymentPostprocessing = 0;
			shellPath = /bin/sh;
			shellScript = "\"${SRCROOT}/Pods/Target Support Files/Pods-Volunteer Opportunity Tracker/Pods-Volunteer Opportunity Tracker-frameworks.sh\"\n";
			showEnvVarsInLog = 0;
		};
/* End PBXShellScriptBuildPhase section */

/* Begin PBXSourcesBuildPhase section */
		379643A8204CD0A100603D66 /* Sources */ = {
			isa = PBXSourcesBuildPhase;
			buildActionMask = 2147483647;
			files = (
				379643C3204CDBC400603D66 /* ExploreViewController.swift in Sources */,
				377503772051B178001AB6E2 /* EventsDataManager.swift in Sources */,
				376695262053A147002EF8A4 /* ExploreEventCell.swift in Sources */,
				379643E2204DFA6300603D66 /* MapViewController.swift in Sources */,
				379643DC204D074F00603D66 /* EventObject.swift in Sources */,
				379643E4204DFD4900603D66 /* Profile.swift in Sources */,
				379643B0204CD0A100603D66 /* AppDelegate.swift in Sources */,
				379643E0204DF91300603D66 /* EventAnnotation.swift in Sources */,
				379643DE204D110C00603D66 /* CreateEventViewController.swift in Sources */,
				37C580C720504A6A001739F2 /* EventAnnotationViews.swift in Sources */,
			);
			runOnlyForDeploymentPostprocessing = 0;
		};
/* End PBXSourcesBuildPhase section */

/* Begin PBXVariantGroup section */
		379643B3204CD0A100603D66 /* Main.storyboard */ = {
			isa = PBXVariantGroup;
			children = (
				379643B4204CD0A100603D66 /* Base */,
			);
			name = Main.storyboard;
			sourceTree = "<group>";
		};
		379643B8204CD0A100603D66 /* LaunchScreen.storyboard */ = {
			isa = PBXVariantGroup;
			children = (
				379643B9204CD0A100603D66 /* Base */,
			);
			name = LaunchScreen.storyboard;
			sourceTree = "<group>";
		};
		379643D0204CDFCB00603D66 /* Explore.storyboard */ = {
			isa = PBXVariantGroup;
			children = (
				379643D1204CDFCB00603D66 /* Base */,
			);
			name = Explore.storyboard;
			sourceTree = "<group>";
		};
		379643D5204CE0E700603D66 /* Map.storyboard */ = {
			isa = PBXVariantGroup;
			children = (
				379643D6204CE0E700603D66 /* Base */,
			);
			name = Map.storyboard;
			sourceTree = "<group>";
		};
/* End PBXVariantGroup section */

/* Begin XCBuildConfiguration section */
		379643BC204CD0A100603D66 /* Debug */ = {
			isa = XCBuildConfiguration;
			buildSettings = {
				ALWAYS_SEARCH_USER_PATHS = NO;
				CLANG_ANALYZER_NONNULL = YES;
				CLANG_ANALYZER_NUMBER_OBJECT_CONVERSION = YES_AGGRESSIVE;
				CLANG_CXX_LANGUAGE_STANDARD = "gnu++14";
				CLANG_CXX_LIBRARY = "libc++";
				CLANG_ENABLE_MODULES = YES;
				CLANG_ENABLE_OBJC_ARC = YES;
				CLANG_WARN_BLOCK_CAPTURE_AUTORELEASING = YES;
				CLANG_WARN_BOOL_CONVERSION = YES;
				CLANG_WARN_COMMA = YES;
				CLANG_WARN_CONSTANT_CONVERSION = YES;
				CLANG_WARN_DIRECT_OBJC_ISA_USAGE = YES_ERROR;
				CLANG_WARN_DOCUMENTATION_COMMENTS = YES;
				CLANG_WARN_EMPTY_BODY = YES;
				CLANG_WARN_ENUM_CONVERSION = YES;
				CLANG_WARN_INFINITE_RECURSION = YES;
				CLANG_WARN_INT_CONVERSION = YES;
				CLANG_WARN_NON_LITERAL_NULL_CONVERSION = YES;
				CLANG_WARN_OBJC_LITERAL_CONVERSION = YES;
				CLANG_WARN_OBJC_ROOT_CLASS = YES_ERROR;
				CLANG_WARN_RANGE_LOOP_ANALYSIS = YES;
				CLANG_WARN_STRICT_PROTOTYPES = YES;
				CLANG_WARN_SUSPICIOUS_MOVE = YES;
				CLANG_WARN_UNGUARDED_AVAILABILITY = YES_AGGRESSIVE;
				CLANG_WARN_UNREACHABLE_CODE = YES;
				CLANG_WARN__DUPLICATE_METHOD_MATCH = YES;
				CODE_SIGN_IDENTITY = "iPhone Developer";
				COPY_PHASE_STRIP = NO;
				DEBUG_INFORMATION_FORMAT = dwarf;
				ENABLE_STRICT_OBJC_MSGSEND = YES;
				ENABLE_TESTABILITY = YES;
				GCC_C_LANGUAGE_STANDARD = gnu11;
				GCC_DYNAMIC_NO_PIC = NO;
				GCC_NO_COMMON_BLOCKS = YES;
				GCC_OPTIMIZATION_LEVEL = 0;
				GCC_PREPROCESSOR_DEFINITIONS = (
					"DEBUG=1",
					"$(inherited)",
				);
				GCC_WARN_64_TO_32_BIT_CONVERSION = YES;
				GCC_WARN_ABOUT_RETURN_TYPE = YES_ERROR;
				GCC_WARN_UNDECLARED_SELECTOR = YES;
				GCC_WARN_UNINITIALIZED_AUTOS = YES_AGGRESSIVE;
				GCC_WARN_UNUSED_FUNCTION = YES;
				GCC_WARN_UNUSED_VARIABLE = YES;
				IPHONEOS_DEPLOYMENT_TARGET = 11.2;
				MTL_ENABLE_DEBUG_INFO = YES;
				ONLY_ACTIVE_ARCH = YES;
				SDKROOT = iphoneos;
				SWIFT_ACTIVE_COMPILATION_CONDITIONS = DEBUG;
				SWIFT_OPTIMIZATION_LEVEL = "-Onone";
			};
			name = Debug;
		};
		379643BD204CD0A100603D66 /* Release */ = {
			isa = XCBuildConfiguration;
			buildSettings = {
				ALWAYS_SEARCH_USER_PATHS = NO;
				CLANG_ANALYZER_NONNULL = YES;
				CLANG_ANALYZER_NUMBER_OBJECT_CONVERSION = YES_AGGRESSIVE;
				CLANG_CXX_LANGUAGE_STANDARD = "gnu++14";
				CLANG_CXX_LIBRARY = "libc++";
				CLANG_ENABLE_MODULES = YES;
				CLANG_ENABLE_OBJC_ARC = YES;
				CLANG_WARN_BLOCK_CAPTURE_AUTORELEASING = YES;
				CLANG_WARN_BOOL_CONVERSION = YES;
				CLANG_WARN_COMMA = YES;
				CLANG_WARN_CONSTANT_CONVERSION = YES;
				CLANG_WARN_DIRECT_OBJC_ISA_USAGE = YES_ERROR;
				CLANG_WARN_DOCUMENTATION_COMMENTS = YES;
				CLANG_WARN_EMPTY_BODY = YES;
				CLANG_WARN_ENUM_CONVERSION = YES;
				CLANG_WARN_INFINITE_RECURSION = YES;
				CLANG_WARN_INT_CONVERSION = YES;
				CLANG_WARN_NON_LITERAL_NULL_CONVERSION = YES;
				CLANG_WARN_OBJC_LITERAL_CONVERSION = YES;
				CLANG_WARN_OBJC_ROOT_CLASS = YES_ERROR;
				CLANG_WARN_RANGE_LOOP_ANALYSIS = YES;
				CLANG_WARN_STRICT_PROTOTYPES = YES;
				CLANG_WARN_SUSPICIOUS_MOVE = YES;
				CLANG_WARN_UNGUARDED_AVAILABILITY = YES_AGGRESSIVE;
				CLANG_WARN_UNREACHABLE_CODE = YES;
				CLANG_WARN__DUPLICATE_METHOD_MATCH = YES;
				CODE_SIGN_IDENTITY = "iPhone Developer";
				COPY_PHASE_STRIP = NO;
				DEBUG_INFORMATION_FORMAT = "dwarf-with-dsym";
				ENABLE_NS_ASSERTIONS = NO;
				ENABLE_STRICT_OBJC_MSGSEND = YES;
				GCC_C_LANGUAGE_STANDARD = gnu11;
				GCC_NO_COMMON_BLOCKS = YES;
				GCC_WARN_64_TO_32_BIT_CONVERSION = YES;
				GCC_WARN_ABOUT_RETURN_TYPE = YES_ERROR;
				GCC_WARN_UNDECLARED_SELECTOR = YES;
				GCC_WARN_UNINITIALIZED_AUTOS = YES_AGGRESSIVE;
				GCC_WARN_UNUSED_FUNCTION = YES;
				GCC_WARN_UNUSED_VARIABLE = YES;
				IPHONEOS_DEPLOYMENT_TARGET = 11.2;
				MTL_ENABLE_DEBUG_INFO = NO;
				SDKROOT = iphoneos;
				SWIFT_OPTIMIZATION_LEVEL = "-Owholemodule";
				VALIDATE_PRODUCT = YES;
			};
			name = Release;
		};
		379643BF204CD0A100603D66 /* Debug */ = {
			isa = XCBuildConfiguration;
			baseConfigurationReference = 40DBA83636D675748BAD05C8 /* Pods-Volunteer Opportunity Tracker.debug.xcconfig */;
			buildSettings = {
				ASSETCATALOG_COMPILER_APPICON_NAME = AppIcon;
				CODE_SIGN_STYLE = Automatic;
				INFOPLIST_FILE = "Volunteer Opportunity Tracker/Info.plist";
				LD_RUNPATH_SEARCH_PATHS = "$(inherited) @executable_path/Frameworks";
				PRODUCT_BUNDLE_IDENTIFIER = "com.example.Volunteer-Opportunity-Tracker";
				PRODUCT_NAME = "$(TARGET_NAME)";
				SWIFT_VERSION = 4.0;
				TARGETED_DEVICE_FAMILY = "1,2";
			};
			name = Debug;
		};
		379643C0204CD0A100603D66 /* Release */ = {
			isa = XCBuildConfiguration;
			baseConfigurationReference = E1220092624A98856B535E1A /* Pods-Volunteer Opportunity Tracker.release.xcconfig */;
			buildSettings = {
				ASSETCATALOG_COMPILER_APPICON_NAME = AppIcon;
				CODE_SIGN_STYLE = Automatic;
				INFOPLIST_FILE = "Volunteer Opportunity Tracker/Info.plist";
				LD_RUNPATH_SEARCH_PATHS = "$(inherited) @executable_path/Frameworks";
				PRODUCT_BUNDLE_IDENTIFIER = "com.example.Volunteer-Opportunity-Tracker";
				PRODUCT_NAME = "$(TARGET_NAME)";
				SWIFT_VERSION = 4.0;
				TARGETED_DEVICE_FAMILY = "1,2";
			};
			name = Release;
		};
/* End XCBuildConfiguration section */

/* Begin XCConfigurationList section */
		379643A7204CD0A100603D66 /* Build configuration list for PBXProject "Volunteer Opportunity Tracker" */ = {
			isa = XCConfigurationList;
			buildConfigurations = (
				379643BC204CD0A100603D66 /* Debug */,
				379643BD204CD0A100603D66 /* Release */,
			);
			defaultConfigurationIsVisible = 0;
			defaultConfigurationName = Release;
		};
		379643BE204CD0A100603D66 /* Build configuration list for PBXNativeTarget "Volunteer Opportunity Tracker" */ = {
			isa = XCConfigurationList;
			buildConfigurations = (
				379643BF204CD0A100603D66 /* Debug */,
				379643C0204CD0A100603D66 /* Release */,
			);
			defaultConfigurationIsVisible = 0;
			defaultConfigurationName = Release;
		};
/* End XCConfigurationList section */
	};
	rootObject = 379643A4204CD0A100603D66 /* Project object */;
}
